Microsoft Visual Studio Solution File, Format Version 8.00
Project("{8BC9CEB8-8B4A-11D0-8D11-00A0C91BC942}") = "simplecommand", "simplecommand.vcproj", "{E9321B7C-5B5D-45D5-AC5E-931EDA143BF5}"
	ProjectSection(ProjectDependencies) = postProject
	EndProjectSection
EndProject
Global
	GlobalSection(SolutionConfiguration) = preSolution
		Debug = Debug
		Release = Release
	EndGlobalSection
	GlobalSection(ProjectConfiguration) = postSolution
		{E9321B7C-5B5D-45D5-AC5E-931EDA143BF5}.Debug.ActiveCfg = Debug|Win32
		{E9321B7C-5B5D-45D5-AC5E-931EDA143BF5}.Debug.Build.0 = Debug|Win32
		{E9321B7C-5B5D-45D5-AC5E-931EDA143BF5}.Release.ActiveCfg = Release|Win32
		{E9321B7C-5B5D-45D5-AC5E-931EDA143BF5}.Release.Build.0 = Release|Win32
	EndGlobalSection
	GlobalSection(ExtensibilityGlobals) = postSolution
	EndGlobalSection
	GlobalSection(ExtensibilityAddIns) = postSolution
	EndGlobalSection
EndGlobal
